
Microsoft Visual Studio Solution File, Format Version 12.00
# Visual Studio 15
VisualStudioVersion = 15.0.28307.489
MinimumVisualStudioVersion = 10.0.40219.1
Project("{159641D6-6404-4A2A-AE62-294DE0FE8301}") = "Integration Services Project", "Integration Services Project\Integration Services Project.dtproj", "{67A45C4C-C282-4A84-977F-6F5BF9339905}"
EndProject
Global
	GlobalSection(SolutionConfigurationPlatforms) = preSolution
		Development|Default = Development|Default
	EndGlobalSection
	GlobalSection(ProjectConfigurationPlatforms) = postSolution
		{67A45C4C-C282-4A84-977F-6F5BF9339905}.Development|Default.ActiveCfg = Development
		{67A45C4C-C282-4A84-977F-6F5BF9339905}.Development|Default.Build.0 = Development
	EndGlobalSection
	GlobalSection(SolutionProperties) = preSolution
		HideSolutionNode = FALSE
	EndGlobalSection
	GlobalSection(ExtensibilityGlobals) = postSolution
		SolutionGuid = {D6C7404F-2ADD-477A-BC35-5A56DA7D565A}
	EndGlobalSection
EndGlobal
